
Microsoft Visual Studio Solution File, Format Version 12.00
# Visual Studio Version 17
VisualStudioVersion = 17.1.32210.238
MinimumVisualStudioVersion = 10.0.40219.1
Project("{9A19103F-16F7-4668-BE54-9A1E7A4F7556}") = "Jennet.UI", "Jennet.UI\Jennet.UI.csproj", "{A55A88AF-0FE9-4094-91F3-3FF967B27FCD}"
EndProject
Project("{2150E333-8FDC-42A3-9474-1A3956D46DE8}") = "Tests", "Tests", "{70F0D75D-8709-401F-937F-A42A2CBD39DF}"
	ProjectSection(SolutionItems) = preProject
		Test.json = Test.json
	EndProjectSection
EndProject
Project("{9A19103F-16F7-4668-BE54-9A1E7A4F7556}") = "Jennet.Tests", "Jennet.Tests\Jennet.Tests.csproj", "{8A85F899-27D1-4C17-8E3A-8A3573046EF2}"
EndProject
Global
	GlobalSection(SolutionConfigurationPlatforms) = preSolution
		Debug|Any CPU = Debug|Any CPU
		Release|Any CPU = Release|Any CPU
	EndGlobalSection
	GlobalSection(ProjectConfigurationPlatforms) = postSolution
		{A55A88AF-0FE9-4094-91F3-3FF967B27FCD}.Debug|Any CPU.ActiveCfg = Debug|Any CPU
		{A55A88AF-0FE9-4094-91F3-3FF967B27FCD}.Debug|Any CPU.Build.0 = Debug|Any CPU
		{A55A88AF-0FE9-4094-91F3-3FF967B27FCD}.Release|Any CPU.ActiveCfg = Release|Any CPU
		{A55A88AF-0FE9-4094-91F3-3FF967B27FCD}.Release|Any CPU.Build.0 = Release|Any CPU
		{8A85F899-27D1-4C17-8E3A-8A3573046EF2}.Debug|Any CPU.ActiveCfg = Debug|Any CPU
		{8A85F899-27D1-4C17-8E3A-8A3573046EF2}.Debug|Any CPU.Build.0 = Debug|Any CPU
		{8A85F899-27D1-4C17-8E3A-8A3573046EF2}.Release|Any CPU.ActiveCfg = Release|Any CPU
		{8A85F899-27D1-4C17-8E3A-8A3573046EF2}.Release|Any CPU.Build.0 = Release|Any CPU
	EndGlobalSection
	GlobalSection(SolutionProperties) = preSolution
		HideSolutionNode = FALSE
	EndGlobalSection
	GlobalSection(NestedProjects) = preSolution
		{8A85F899-27D1-4C17-8E3A-8A3573046EF2} = {70F0D75D-8709-401F-937F-A42A2CBD39DF}
	EndGlobalSection
	GlobalSection(ExtensibilityGlobals) = postSolution
		SolutionGuid = {92C42888-3C6C-4879-B90F-3A8157B38FDA}
	EndGlobalSection
EndGlobal
